
Microsoft Visual Studio Solution File, Format Version 12.00
# Visual Studio Version 17
VisualStudioVersion = 17.13.35913.81
MinimumVisualStudioVersion = 10.0.40219.1
Project("{FAE04EC0-301F-11D3-BF4B-00C04F79EFBC}") = "CryptoTracker", "CryptoTracker\CryptoTracker.csproj", "{C27AE6DB-1B4C-4AAD-A711-1809A3650D43}"
EndProject
Project("{FAE04EC0-301F-11D3-BF4B-00C04F79EFBC}") = "CryptoTracker.API", "CryptoTracker.API\CryptoTracker.API.csproj", "{33591296-B736-402E-93FD-CA4452E8B3B1}"
EndProject
Project("{FAE04EC0-301F-11D3-BF4B-00C04F79EFBC}") = "CryptoTracker.Domain", "CryptoTracker.Domain\CryptoTracker.Domain.csproj", "{CF0F8D61-172B-47CD-BE97-6E7EA7A65933}"
EndProject
Project("{FAE04EC0-301F-11D3-BF4B-00C04F79EFBC}") = "CryptoTracker.Application", "CryptoTracker.Application\CryptoTracker.Application.csproj", "{3115D738-0642-4496-8ECE-747654B16149}"
EndProject
Project("{FAE04EC0-301F-11D3-BF4B-00C04F79EFBC}") = "CryptoTracker.Infrastructure", "CryptoTracker.Infrastructure\CryptoTracker.Infrastructure.csproj", "{62E0396C-CC17-429F-A922-EB6D16BB7E15}"
EndProject
Global
	GlobalSection(SolutionConfigurationPlatforms) = preSolution
		Debug|Any CPU = Debug|Any CPU
		Release|Any CPU = Release|Any CPU
	EndGlobalSection
	GlobalSection(ProjectConfigurationPlatforms) = postSolution
		{C27AE6DB-1B4C-4AAD-A711-1809A3650D43}.Debug|Any CPU.ActiveCfg = Debug|Any CPU
		{C27AE6DB-1B4C-4AAD-A711-1809A3650D43}.Debug|Any CPU.Build.0 = Debug|Any CPU
		{C27AE6DB-1B4C-4AAD-A711-1809A3650D43}.Release|Any CPU.ActiveCfg = Release|Any CPU
		{C27AE6DB-1B4C-4AAD-A711-1809A3650D43}.Release|Any CPU.Build.0 = Release|Any CPU
		{33591296-B736-402E-93FD-CA4452E8B3B1}.Debug|Any CPU.ActiveCfg = Debug|Any CPU
		{33591296-B736-402E-93FD-CA4452E8B3B1}.Debug|Any CPU.Build.0 = Debug|Any CPU
		{33591296-B736-402E-93FD-CA4452E8B3B1}.Release|Any CPU.ActiveCfg = Release|Any CPU
		{33591296-B736-402E-93FD-CA4452E8B3B1}.Release|Any CPU.Build.0 = Release|Any CPU
		{CF0F8D61-172B-47CD-BE97-6E7EA7A65933}.Debug|Any CPU.ActiveCfg = Debug|Any CPU
		{CF0F8D61-172B-47CD-BE97-6E7EA7A65933}.Debug|Any CPU.Build.0 = Debug|Any CPU
		{CF0F8D61-172B-47CD-BE97-6E7EA7A65933}.Release|Any CPU.ActiveCfg = Release|Any CPU
		{CF0F8D61-172B-47CD-BE97-6E7EA7A65933}.Release|Any CPU.Build.0 = Release|Any CPU
		{3115D738-0642-4496-8ECE-747654B16149}.Debug|Any CPU.ActiveCfg = Debug|Any CPU
		{3115D738-0642-4496-8ECE-747654B16149}.Debug|Any CPU.Build.0 = Debug|Any CPU
		{3115D738-0642-4496-8ECE-747654B16149}.Release|Any CPU.ActiveCfg = Release|Any CPU
		{3115D738-0642-4496-8ECE-747654B16149}.Release|Any CPU.Build.0 = Release|Any CPU
		{62E0396C-CC17-429F-A922-EB6D16BB7E15}.Debug|Any CPU.ActiveCfg = Debug|Any CPU
		{62E0396C-CC17-429F-A922-EB6D16BB7E15}.Debug|Any CPU.Build.0 = Debug|Any CPU
		{62E0396C-CC17-429F-A922-EB6D16BB7E15}.Release|Any CPU.ActiveCfg = Release|Any CPU
		{62E0396C-CC17-429F-A922-EB6D16BB7E15}.Release|Any CPU.Build.0 = Release|Any CPU
	EndGlobalSection
	GlobalSection(SolutionProperties) = preSolution
		HideSolutionNode = FALSE
	EndGlobalSection
	GlobalSection(ExtensibilityGlobals) = postSolution
		SolutionGuid = {61181441-41CA-4F5A-9FC4-100E1F154C85}
	EndGlobalSection
EndGlobal
